
Microsoft Visual Studio Solution File, Format Version 12.00
# Visual Studio Version 17
VisualStudioVersion = 17.0.31903.59
MinimumVisualStudioVersion = 10.0.40219.1
Project("{2150E333-8FDC-42A3-9474-1A3956D46DE8}") = "server", "server", "{DAD03CFC-D5FA-AC94-41C7-9ABAB326F09E}"
EndProject
Project("{FAE04EC0-301F-11D3-BF4B-00C04F79EFBC}") = "LegacyBridge.Domain", "server\LegacyBridge.Domain\LegacyBridge.Domain.csproj", "{22DA2EC5-9413-4EEE-ACCB-EC09753C2771}"
EndProject
Project("{FAE04EC0-301F-11D3-BF4B-00C04F79EFBC}") = "LegacyBridge.Application", "server\LegacyBridge.Application\LegacyBridge.Application.csproj", "{2978F832-8D0A-4F1D-846B-AC39E77C339F}"
EndProject
Project("{FAE04EC0-301F-11D3-BF4B-00C04F79EFBC}") = "LegacyBridge.Infrastructure", "server\LegacyBridge.Infrastructure\LegacyBridge.Infrastructure.csproj", "{3B0C0560-98E2-49E1-BD67-F1E23CBC903F}"
EndProject
Project("{FAE04EC0-301F-11D3-BF4B-00C04F79EFBC}") = "LegacyBridge.Api", "server\LegacyBridge.Api\LegacyBridge.Api.csproj", "{7C4A7CC4-87A8-42AB-BCAA-71AABA4BC84C}"
EndProject
Project("{2150E333-8FDC-42A3-9474-1A3956D46DE8}") = "tests", "tests", "{0AB3BF05-4346-4AA6-1389-037BE0695223}"
EndProject
Project("{FAE04EC0-301F-11D3-BF4B-00C04F79EFBC}") = "LegacyBridge.UnitTests", "tests\LegacyBridge.UnitTests\LegacyBridge.UnitTests.csproj", "{1BAAFA0C-1B93-454A-88E4-DB9312D9BF55}"
EndProject
Project("{FAE04EC0-301F-11D3-BF4B-00C04F79EFBC}") = "MonitorService", "services\MonitorService\MonitorService.csproj", "{A71673E6-082F-63D9-0493-0DB8373C4222}"
EndProject
Project("{2150E333-8FDC-42A3-9474-1A3956D46DE8}") = "services", "services", "{02EA681E-C7D8-13C7-8484-4AC65E1B71E8}"
EndProject
Global
	GlobalSection(SolutionConfigurationPlatforms) = preSolution
		Debug|Any CPU = Debug|Any CPU
		Debug|x64 = Debug|x64
		Debug|x86 = Debug|x86
		Release|Any CPU = Release|Any CPU
		Release|x64 = Release|x64
		Release|x86 = Release|x86
	EndGlobalSection
	GlobalSection(ProjectConfigurationPlatforms) = postSolution
		{22DA2EC5-9413-4EEE-ACCB-EC09753C2771}.Debug|Any CPU.ActiveCfg = Debug|Any CPU
		{22DA2EC5-9413-4EEE-ACCB-EC09753C2771}.Debug|Any CPU.Build.0 = Debug|Any CPU
		{22DA2EC5-9413-4EEE-ACCB-EC09753C2771}.Debug|x64.ActiveCfg = Debug|Any CPU
		{22DA2EC5-9413-4EEE-ACCB-EC09753C2771}.Debug|x64.Build.0 = Debug|Any CPU
		{22DA2EC5-9413-4EEE-ACCB-EC09753C2771}.Debug|x86.ActiveCfg = Debug|Any CPU
		{22DA2EC5-9413-4EEE-ACCB-EC09753C2771}.Debug|x86.Build.0 = Debug|Any CPU
		{22DA2EC5-9413-4EEE-ACCB-EC09753C2771}.Release|Any CPU.ActiveCfg = Release|Any CPU
		{22DA2EC5-9413-4EEE-ACCB-EC09753C2771}.Release|Any CPU.Build.0 = Release|Any CPU
		{22DA2EC5-9413-4EEE-ACCB-EC09753C2771}.Release|x64.ActiveCfg = Release|Any CPU
		{22DA2EC5-9413-4EEE-ACCB-EC09753C2771}.Release|x64.Build.0 = Release|Any CPU
		{22DA2EC5-9413-4EEE-ACCB-EC09753C2771}.Release|x86.ActiveCfg = Release|Any CPU
		{22DA2EC5-9413-4EEE-ACCB-EC09753C2771}.Release|x86.Build.0 = Release|Any CPU
		{2978F832-8D0A-4F1D-846B-AC39E77C339F}.Debug|Any CPU.ActiveCfg = Debug|Any CPU
		{2978F832-8D0A-4F1D-846B-AC39E77C339F}.Debug|Any CPU.Build.0 = Debug|Any CPU
		{2978F832-8D0A-4F1D-846B-AC39E77C339F}.Debug|x64.ActiveCfg = Debug|Any CPU
		{2978F832-8D0A-4F1D-846B-AC39E77C339F}.Debug|x64.Build.0 = Debug|Any CPU
		{2978F832-8D0A-4F1D-846B-AC39E77C339F}.Debug|x86.ActiveCfg = Debug|Any CPU
		{2978F832-8D0A-4F1D-846B-AC39E77C339F}.Debug|x86.Build.0 = Debug|Any CPU
		{2978F832-8D0A-4F1D-846B-AC39E77C339F}.Release|Any CPU.ActiveCfg = Release|Any CPU
		{2978F832-8D0A-4F1D-846B-AC39E77C339F}.Release|Any CPU.Build.0 = Release|Any CPU
		{2978F832-8D0A-4F1D-846B-AC39E77C339F}.Release|x64.ActiveCfg = Release|Any CPU
		{2978F832-8D0A-4F1D-846B-AC39E77C339F}.Release|x64.Build.0 = Release|Any CPU
		{2978F832-8D0A-4F1D-846B-AC39E77C339F}.Release|x86.ActiveCfg = Release|Any CPU
		{2978F832-8D0A-4F1D-846B-AC39E77C339F}.Release|x86.Build.0 = Release|Any CPU
		{3B0C0560-98E2-49E1-BD67-F1E23CBC903F}.Debug|Any CPU.ActiveCfg = Debug|Any CPU
		{3B0C0560-98E2-49E1-BD67-F1E23CBC903F}.Debug|Any CPU.Build.0 = Debug|Any CPU
		{3B0C0560-98E2-49E1-BD67-F1E23CBC903F}.Debug|x64.ActiveCfg = Debug|Any CPU
		{3B0C0560-98E2-49E1-BD67-F1E23CBC903F}.Debug|x64.Build.0 = Debug|Any CPU
		{3B0C0560-98E2-49E1-BD67-F1E23CBC903F}.Debug|x86.ActiveCfg = Debug|Any CPU
		{3B0C0560-98E2-49E1-BD67-F1E23CBC903F}.Debug|x86.Build.0 = Debug|Any CPU
		{3B0C0560-98E2-49E1-BD67-F1E23CBC903F}.Release|Any CPU.ActiveCfg = Release|Any CPU
		{3B0C0560-98E2-49E1-BD67-F1E23CBC903F}.Release|Any CPU.Build.0 = Release|Any CPU
		{3B0C0560-98E2-49E1-BD67-F1E23CBC903F}.Release|x64.ActiveCfg = Release|Any CPU
		{3B0C0560-98E2-49E1-BD67-F1E23CBC903F}.Release|x64.Build.0 = Release|Any CPU
		{3B0C0560-98E2-49E1-BD67-F1E23CBC903F}.Release|x86.ActiveCfg = Release|Any CPU
		{3B0C0560-98E2-49E1-BD67-F1E23CBC903F}.Release|x86.Build.0 = Release|Any CPU
		{7C4A7CC4-87A8-42AB-BCAA-71AABA4BC84C}.Debug|Any CPU.ActiveCfg = Debug|Any CPU
		{7C4A7CC4-87A8-42AB-BCAA-71AABA4BC84C}.Debug|Any CPU.Build.0 = Debug|Any CPU
		{7C4A7CC4-87A8-42AB-BCAA-71AABA4BC84C}.Debug|x64.ActiveCfg = Debug|Any CPU
		{7C4A7CC4-87A8-42AB-BCAA-71AABA4BC84C}.Debug|x64.Build.0 = Debug|Any CPU
		{7C4A7CC4-87A8-42AB-BCAA-71AABA4BC84C}.Debug|x86.ActiveCfg = Debug|Any CPU
		{7C4A7CC4-87A8-42AB-BCAA-71AABA4BC84C}.Debug|x86.Build.0 = Debug|Any CPU
		{7C4A7CC4-87A8-42AB-BCAA-71AABA4BC84C}.Release|Any CPU.ActiveCfg = Release|Any CPU
		{7C4A7CC4-87A8-42AB-BCAA-71AABA4BC84C}.Release|Any CPU.Build.0 = Release|Any CPU
		{7C4A7CC4-87A8-42AB-BCAA-71AABA4BC84C}.Release|x64.ActiveCfg = Release|Any CPU
		{7C4A7CC4-87A8-42AB-BCAA-71AABA4BC84C}.Release|x64.Build.0 = Release|Any CPU
		{7C4A7CC4-87A8-42AB-BCAA-71AABA4BC84C}.Release|x86.ActiveCfg = Release|Any CPU
		{7C4A7CC4-87A8-42AB-BCAA-71AABA4BC84C}.Release|x86.Build.0 = Release|Any CPU
		{1BAAFA0C-1B93-454A-88E4-DB9312D9BF55}.Debug|Any CPU.ActiveCfg = Debug|Any CPU
		{1BAAFA0C-1B93-454A-88E4-DB9312D9BF55}.Debug|Any CPU.Build.0 = Debug|Any CPU
		{1BAAFA0C-1B93-454A-88E4-DB9312D9BF55}.Debug|x64.ActiveCfg = Debug|Any CPU
		{1BAAFA0C-1B93-454A-88E4-DB9312D9BF55}.Debug|x64.Build.0 = Debug|Any CPU
		{1BAAFA0C-1B93-454A-88E4-DB9312D9BF55}.Debug|x86.ActiveCfg = Debug|Any CPU
		{1BAAFA0C-1B93-454A-88E4-DB9312D9BF55}.Debug|x86.Build.0 = Debug|Any CPU
		{1BAAFA0C-1B93-454A-88E4-DB9312D9BF55}.Release|Any CPU.ActiveCfg = Release|Any CPU
		{1BAAFA0C-1B93-454A-88E4-DB9312D9BF55}.Release|Any CPU.Build.0 = Release|Any CPU
		{1BAAFA0C-1B93-454A-88E4-DB9312D9BF55}.Release|x64.ActiveCfg = Release|Any CPU
		{1BAAFA0C-1B93-454A-88E4-DB9312D9BF55}.Release|x64.Build.0 = Release|Any CPU
		{1BAAFA0C-1B93-454A-88E4-DB9312D9BF55}.Release|x86.ActiveCfg = Release|Any CPU
		{1BAAFA0C-1B93-454A-88E4-DB9312D9BF55}.Release|x86.Build.0 = Release|Any CPU
		{A71673E6-082F-63D9-0493-0DB8373C4222}.Debug|Any CPU.ActiveCfg = Debug|Any CPU
		{A71673E6-082F-63D9-0493-0DB8373C4222}.Debug|Any CPU.Build.0 = Debug|Any CPU
		{A71673E6-082F-63D9-0493-0DB8373C4222}.Debug|x64.ActiveCfg = Debug|Any CPU
		{A71673E6-082F-63D9-0493-0DB8373C4222}.Debug|x64.Build.0 = Debug|Any CPU
		{A71673E6-082F-63D9-0493-0DB8373C4222}.Debug|x86.ActiveCfg = Debug|Any CPU
		{A71673E6-082F-63D9-0493-0DB8373C4222}.Debug|x86.Build.0 = Debug|Any CPU
		{A71673E6-082F-63D9-0493-0DB8373C4222}.Release|Any CPU.ActiveCfg = Release|Any CPU
		{A71673E6-082F-63D9-0493-0DB8373C4222}.Release|Any CPU.Build.0 = Release|Any CPU
		{A71673E6-082F-63D9-0493-0DB8373C4222}.Release|x64.ActiveCfg = Release|Any CPU
		{A71673E6-082F-63D9-0493-0DB8373C4222}.Release|x64.Build.0 = Release|Any CPU
		{A71673E6-082F-63D9-0493-0DB8373C4222}.Release|x86.ActiveCfg = Release|Any CPU
		{A71673E6-082F-63D9-0493-0DB8373C4222}.Release|x86.Build.0 = Release|Any CPU
	EndGlobalSection
	GlobalSection(SolutionProperties) = preSolution
		HideSolutionNode = FALSE
	EndGlobalSection
	GlobalSection(NestedProjects) = preSolution
		{22DA2EC5-9413-4EEE-ACCB-EC09753C2771} = {DAD03CFC-D5FA-AC94-41C7-9ABAB326F09E}
		{2978F832-8D0A-4F1D-846B-AC39E77C339F} = {DAD03CFC-D5FA-AC94-41C7-9ABAB326F09E}
		{3B0C0560-98E2-49E1-BD67-F1E23CBC903F} = {DAD03CFC-D5FA-AC94-41C7-9ABAB326F09E}
		{7C4A7CC4-87A8-42AB-BCAA-71AABA4BC84C} = {DAD03CFC-D5FA-AC94-41C7-9ABAB326F09E}
		{1BAAFA0C-1B93-454A-88E4-DB9312D9BF55} = {0AB3BF05-4346-4AA6-1389-037BE0695223}
		{A71673E6-082F-63D9-0493-0DB8373C4222} = {02EA681E-C7D8-13C7-8484-4AC65E1B71E8}
	EndGlobalSection
	GlobalSection(ExtensibilityGlobals) = postSolution
		SolutionGuid = {1A2B3C4D-5E6F-7A8B-9C0D-1E2F3A4B5C6D}
	EndGlobalSection
EndGlobal
